
Microsoft Visual Studio Solution File, Format Version 12.00
# Visual Studio Version 16
VisualStudioVersion = 16.0.32106.194
MinimumVisualStudioVersion = 10.0.40219.1
Project("{FAE04EC0-301F-11D3-BF4B-00C04F79EFBC}") = "WebApiCanvia", "WebApiCanvia.csproj", "{2A913A5B-29E0-40F3-8D84-8059B86C3C65}"
EndProject
Global
	GlobalSection(SolutionConfigurationPlatforms) = preSolution
		Debug|Any CPU = Debug|Any CPU
		Release|Any CPU = Release|Any CPU
	EndGlobalSection
	GlobalSection(ProjectConfigurationPlatforms) = postSolution
		{2A913A5B-29E0-40F3-8D84-8059B86C3C65}.Debug|Any CPU.ActiveCfg = Debug|Any CPU
		{2A913A5B-29E0-40F3-8D84-8059B86C3C65}.Debug|Any CPU.Build.0 = Debug|Any CPU
		{2A913A5B-29E0-40F3-8D84-8059B86C3C65}.Release|Any CPU.ActiveCfg = Release|Any CPU
		{2A913A5B-29E0-40F3-8D84-8059B86C3C65}.Release|Any CPU.Build.0 = Release|Any CPU
	EndGlobalSection
	GlobalSection(SolutionProperties) = preSolution
		HideSolutionNode = FALSE
	EndGlobalSection
	GlobalSection(ExtensibilityGlobals) = postSolution
		SolutionGuid = {CC32F2F3-3115-4E01-97D7-4A2A594304AD}
	EndGlobalSection
EndGlobal
